
Microsoft Visual Studio Solution File, Format Version 12.00
# Visual Studio Version 16
VisualStudioVersion = 16.0.31911.196
MinimumVisualStudioVersion = 10.0.40219.1
Project("{FAE04EC0-301F-11D3-BF4B-00C04F79EFBC}") = "Lab5_2", "Lab5_2.csproj", "{F752CDD6-1B6F-4B8C-B6B3-DFEDB2EBF653}"
EndProject
Global
	GlobalSection(SolutionConfigurationPlatforms) = preSolution
		Debug|Any CPU = Debug|Any CPU
		Release|Any CPU = Release|Any CPU
	EndGlobalSection
	GlobalSection(ProjectConfigurationPlatforms) = postSolution
		{F752CDD6-1B6F-4B8C-B6B3-DFEDB2EBF653}.Debug|Any CPU.ActiveCfg = Debug|Any CPU
		{F752CDD6-1B6F-4B8C-B6B3-DFEDB2EBF653}.Debug|Any CPU.Build.0 = Debug|Any CPU
		{F752CDD6-1B6F-4B8C-B6B3-DFEDB2EBF653}.Release|Any CPU.ActiveCfg = Release|Any CPU
		{F752CDD6-1B6F-4B8C-B6B3-DFEDB2EBF653}.Release|Any CPU.Build.0 = Release|Any CPU
	EndGlobalSection
	GlobalSection(SolutionProperties) = preSolution
		HideSolutionNode = FALSE
	EndGlobalSection
	GlobalSection(ExtensibilityGlobals) = postSolution
		SolutionGuid = {94E75F84-5D86-4E80-A411-7FEBDD696C6C}
	EndGlobalSection
EndGlobal
